// !$*UTF8*$!
{
	archiveVersion = 1;
	classes = {
	};
	objectVersion = 55;
	objects = {

/* Begin PBXBuildFile section */
		C04CF30E2865D3D5000F4A68 /* TripDetailViewController.swift in Sources */ = {isa = PBXBuildFile; fileRef = C04CF30D2865D3D5000F4A68 /* TripDetailViewController.swift */; };
		C04CF3112865D890000F4A68 /* UIViewController Extension.swift in Sources */ = {isa = PBXBuildFile; fileRef = C04CF3102865D890000F4A68 /* UIViewController Extension.swift */; };
		C04CF3162865E3CA000F4A68 /* PopularCollectionViewCell.swift in Sources */ = {isa = PBXBuildFile; fileRef = C04CF3142865E3CA000F4A68 /* PopularCollectionViewCell.swift */; };
		C04CF3172865E3CA000F4A68 /* PopularCollectionViewCell.xib in Resources */ = {isa = PBXBuildFile; fileRef = C04CF3152865E3CA000F4A68 /* PopularCollectionViewCell.xib */; };
		C04CF3192865E614000F4A68 /* Trip.swift in Sources */ = {isa = PBXBuildFile; fileRef = C04CF3182865E614000F4A68 /* Trip.swift */; };
		C04CF31F2865F10F000F4A68 /* SoldOutCollectionViewCell.swift in Sources */ = {isa = PBXBuildFile; fileRef = C04CF31D2865F10F000F4A68 /* SoldOutCollectionViewCell.swift */; };
		C04CF3202865F10F000F4A68 /* SoldOutCollectionViewCell.xib in Resources */ = {isa = PBXBuildFile; fileRef = C04CF31E2865F10F000F4A68 /* SoldOutCollectionViewCell.xib */; };
		C056C1BC2862021000265E88 /* SettingsViewController.swift in Sources */ = {isa = PBXBuildFile; fileRef = C056C1BB2862021000265E88 /* SettingsViewController.swift */; };
		C061245B2861F0AF0096DC88 /* HomeViewController.swift in Sources */ = {isa = PBXBuildFile; fileRef = C061245A2861F0AF0096DC88 /* HomeViewController.swift */; };
		C0814A1D2863093F0085AB3F /* OnboardingViewController.swift in Sources */ = {isa = PBXBuildFile; fileRef = C0814A1C2863093F0085AB3F /* OnboardingViewController.swift */; };
		C0814A2028630ED60085AB3F /* UIView Extensions.swift in Sources */ = {isa = PBXBuildFile; fileRef = C0814A1F28630ED60085AB3F /* UIView Extensions.swift */; };
		C0814A22286310140085AB3F /* OnBoardingSlide.swift in Sources */ = {isa = PBXBuildFile; fileRef = C0814A21286310140085AB3F /* OnBoardingSlide.swift */; };
		C0814A24286313150085AB3F /* OnboardingCollectionViewCell.swift in Sources */ = {isa = PBXBuildFile; fileRef = C0814A23286313150085AB3F /* OnboardingCollectionViewCell.swift */; };
		C0814A2D28635FE80085AB3F /* CountriesCollectionViewCell.swift in Sources */ = {isa = PBXBuildFile; fileRef = C0814A2B28635FE80085AB3F /* CountriesCollectionViewCell.swift */; };
		C0814A2E28635FE80085AB3F /* CountriesCollectionViewCell.xib in Resources */ = {isa = PBXBuildFile; fileRef = C0814A2C28635FE80085AB3F /* CountriesCollectionViewCell.xib */; };
		C0814A30286361EB0085AB3F /* Country.swift in Sources */ = {isa = PBXBuildFile; fileRef = C0814A2F286361EB0085AB3F /* Country.swift */; };
		C0814A33286363D00085AB3F /* Kingfisher in Frameworks */ = {isa = PBXBuildFile; productRef = C0814A32286363D00085AB3F /* Kingfisher */; };
		C0814A35286364C50085AB3F /* String Extensions.swift in Sources */ = {isa = PBXBuildFile; fileRef = C0814A34286364C50085AB3F /* String Extensions.swift */; };
		C0814A38286370C50085AB3F /* CardView.swift in Sources */ = {isa = PBXBuildFile; fileRef = C0814A37286370C50085AB3F /* CardView.swift */; };
		C08611E92869AF11006CC7B7 /* NetworkService.swift in Sources */ = {isa = PBXBuildFile; fileRef = C08611E82869AF11006CC7B7 /* NetworkService.swift */; };
		C08611EB2869B187006CC7B7 /* Route.swift in Sources */ = {isa = PBXBuildFile; fileRef = C08611EA2869B187006CC7B7 /* Route.swift */; };
		C08611ED2869B1AF006CC7B7 /* Method.swift in Sources */ = {isa = PBXBuildFile; fileRef = C08611EC2869B1AF006CC7B7 /* Method.swift */; };
		C08611EF2869BA12006CC7B7 /* AppError.swift in Sources */ = {isa = PBXBuildFile; fileRef = C08611EE2869BA12006CC7B7 /* AppError.swift */; };
		C08611F12869C164006CC7B7 /* ApiResponse.swift in Sources */ = {isa = PBXBuildFile; fileRef = C08611F02869C164006CC7B7 /* ApiResponse.swift */; };
		C086336A28606FDE00AF3F96 /* AppDelegate.swift in Sources */ = {isa = PBXBuildFile; fileRef = C086336928606FDE00AF3F96 /* AppDelegate.swift */; };
		C086336C28606FDE00AF3F96 /* SceneDelegate.swift in Sources */ = {isa = PBXBuildFile; fileRef = C086336B28606FDE00AF3F96 /* SceneDelegate.swift */; };
		C086336E28606FDE00AF3F96 /* LoginViewController.swift in Sources */ = {isa = PBXBuildFile; fileRef = C086336D28606FDE00AF3F96 /* LoginViewController.swift */; };
		C086337128606FDE00AF3F96 /* Main.storyboard in Resources */ = {isa = PBXBuildFile; fileRef = C086336F28606FDE00AF3F96 /* Main.storyboard */; };
		C086337328606FDF00AF3F96 /* Assets.xcassets in Resources */ = {isa = PBXBuildFile; fileRef = C086337228606FDF00AF3F96 /* Assets.xcassets */; };
		C086337628606FDF00AF3F96 /* LaunchScreen.storyboard in Resources */ = {isa = PBXBuildFile; fileRef = C086337428606FDF00AF3F96 /* LaunchScreen.storyboard */; };
		C086337E286071D400AF3F96 /* GoogleService-Info.plist in Resources */ = {isa = PBXBuildFile; fileRef = C086337D286071D400AF3F96 /* GoogleService-Info.plist */; };
		C08633812860726300AF3F96 /* FirebaseAnalytics in Frameworks */ = {isa = PBXBuildFile; productRef = C08633802860726300AF3F96 /* FirebaseAnalytics */; };
		C08633832860726300AF3F96 /* FirebaseAuth in Frameworks */ = {isa = PBXBuildFile; productRef = C08633822860726300AF3F96 /* FirebaseAuth */; };
		C08633852860726300AF3F96 /* FirebaseFirestore in Frameworks */ = {isa = PBXBuildFile; productRef = C08633842860726300AF3F96 /* FirebaseFirestore */; };
		C091EDED28671B0F00D848F8 /* TripListTableViewCell.swift in Sources */ = {isa = PBXBuildFile; fileRef = C091EDEB28671B0F00D848F8 /* TripListTableViewCell.swift */; };
		C091EDEE28671B0F00D848F8 /* TripListTableViewCell.xib in Resources */ = {isa = PBXBuildFile; fileRef = C091EDEC28671B0F00D848F8 /* TripListTableViewCell.xib */; };
		C091EDF128671E9800D848F8 /* CountryViewController.swift in Sources */ = {isa = PBXBuildFile; fileRef = C091EDF028671E9800D848F8 /* CountryViewController.swift */; };
		C091EDF428672FBA00D848F8 /* ProfileViewController.swift in Sources */ = {isa = PBXBuildFile; fileRef = C091EDF328672FBA00D848F8 /* ProfileViewController.swift */; };
/* End PBXBuildFile section */

/* Begin PBXFileReference section */
		C04CF30D2865D3D5000F4A68 /* TripDetailViewController.swift */ = {isa = PBXFileReference; lastKnownFileType = sourcecode.swift; path = TripDetailViewController.swift; sourceTree = "<group>"; };
		C04CF3102865D890000F4A68 /* UIViewController Extension.swift */ = {isa = PBXFileReference; lastKnownFileType = sourcecode.swift; path = "UIViewController Extension.swift"; sourceTree = "<group>"; };
		C04CF3142865E3CA000F4A68 /* PopularCollectionViewCell.swift */ = {isa = PBXFileReference; lastKnownFileType = sourcecode.swift; path = PopularCollectionViewCell.swift; sourceTree = "<group>"; };
		C04CF3152865E3CA000F4A68 /* PopularCollectionViewCell.xib */ = {isa = PBXFileReference; lastKnownFileType = file.xib; path = PopularCollectionViewCell.xib; sourceTree = "<group>"; };
		C04CF3182865E614000F4A68 /* Trip.swift */ = {isa = PBXFileReference; lastKnownFileType = sourcecode.swift; path = Trip.swift; sourceTree = "<group>"; };
		C04CF31D2865F10F000F4A68 /* SoldOutCollectionViewCell.swift */ = {isa = PBXFileReference; lastKnownFileType = sourcecode.swift; path = SoldOutCollectionViewCell.swift; sourceTree = "<group>"; };
		C04CF31E2865F10F000F4A68 /* SoldOutCollectionViewCell.xib */ = {isa = PBXFileReference; lastKnownFileType = file.xib; path = SoldOutCollectionViewCell.xib; sourceTree = "<group>"; };
		C056C1BB2862021000265E88 /* SettingsViewController.swift */ = {isa = PBXFileReference; lastKnownFileType = sourcecode.swift; path = SettingsViewController.swift; sourceTree = "<group>"; };
		C061245A2861F0AF0096DC88 /* HomeViewController.swift */ = {isa = PBXFileReference; lastKnownFileType = sourcecode.swift; path = HomeViewController.swift; sourceTree = "<group>"; };
		C0814A1C2863093F0085AB3F /* OnboardingViewController.swift */ = {isa = PBXFileReference; lastKnownFileType = sourcecode.swift; path = OnboardingViewController.swift; sourceTree = "<group>"; };
		C0814A1F28630ED60085AB3F /* UIView Extensions.swift */ = {isa = PBXFileReference; lastKnownFileType = sourcecode.swift; path = "UIView Extensions.swift"; sourceTree = "<group>"; };
		C0814A21286310140085AB3F /* OnBoardingSlide.swift */ = {isa = PBXFileReference; lastKnownFileType = sourcecode.swift; path = OnBoardingSlide.swift; sourceTree = "<group>"; };
		C0814A23286313150085AB3F /* OnboardingCollectionViewCell.swift */ = {isa = PBXFileReference; lastKnownFileType = sourcecode.swift; path = OnboardingCollectionViewCell.swift; sourceTree = "<group>"; };
		C0814A2B28635FE80085AB3F /* CountriesCollectionViewCell.swift */ = {isa = PBXFileReference; lastKnownFileType = sourcecode.swift; path = CountriesCollectionViewCell.swift; sourceTree = "<group>"; };
		C0814A2C28635FE80085AB3F /* CountriesCollectionViewCell.xib */ = {isa = PBXFileReference; lastKnownFileType = file.xib; path = CountriesCollectionViewCell.xib; sourceTree = "<group>"; };
		C0814A2F286361EB0085AB3F /* Country.swift */ = {isa = PBXFileReference; lastKnownFileType = sourcecode.swift; path = Country.swift; sourceTree = "<group>"; };
		C0814A34286364C50085AB3F /* String Extensions.swift */ = {isa = PBXFileReference; lastKnownFileType = sourcecode.swift; path = "String Extensions.swift"; sourceTree = "<group>"; };
		C0814A37286370C50085AB3F /* CardView.swift */ = {isa = PBXFileReference; lastKnownFileType = sourcecode.swift; path = CardView.swift; sourceTree = "<group>"; };
		C08611E82869AF11006CC7B7 /* NetworkService.swift */ = {isa = PBXFileReference; lastKnownFileType = sourcecode.swift; path = NetworkService.swift; sourceTree = "<group>"; };
		C08611EA2869B187006CC7B7 /* Route.swift */ = {isa = PBXFileReference; lastKnownFileType = sourcecode.swift; path = Route.swift; sourceTree = "<group>"; };
		C08611EC2869B1AF006CC7B7 /* Method.swift */ = {isa = PBXFileReference; lastKnownFileType = sourcecode.swift; path = Method.swift; sourceTree = "<group>"; };
		C08611EE2869BA12006CC7B7 /* AppError.swift */ = {isa = PBXFileReference; lastKnownFileType = sourcecode.swift; path = AppError.swift; sourceTree = "<group>"; };
		C08611F02869C164006CC7B7 /* ApiResponse.swift */ = {isa = PBXFileReference; lastKnownFileType = sourcecode.swift; path = ApiResponse.swift; sourceTree = "<group>"; };
		C086336628606FDE00AF3F96 /* SmarTravel.app */ = {isa = PBXFileReference; explicitFileType = wrapper.application; includeInIndex = 0; path = SmarTravel.app; sourceTree = BUILT_PRODUCTS_DIR; };
		C086336928606FDE00AF3F96 /* AppDelegate.swift */ = {isa = PBXFileReference; lastKnownFileType = sourcecode.swift; path = AppDelegate.swift; sourceTree = "<group>"; };
		C086336B28606FDE00AF3F96 /* SceneDelegate.swift */ = {isa = PBXFileReference; lastKnownFileType = sourcecode.swift; path = SceneDelegate.swift; sourceTree = "<group>"; };
		C086336D28606FDE00AF3F96 /* LoginViewController.swift */ = {isa = PBXFileReference; lastKnownFileType = sourcecode.swift; path = LoginViewController.swift; sourceTree = "<group>"; };
		C086337028606FDE00AF3F96 /* Base */ = {isa = PBXFileReference; lastKnownFileType = file.storyboard; name = Base; path = Base.lproj/Main.storyboard; sourceTree = "<group>"; };
		C086337228606FDF00AF3F96 /* Assets.xcassets */ = {isa = PBXFileReference; lastKnownFileType = folder.assetcatalog; path = Assets.xcassets; sourceTree = "<group>"; };
		C086337528606FDF00AF3F96 /* Base */ = {isa = PBXFileReference; lastKnownFileType = file.storyboard; name = Base; path = Base.lproj/LaunchScreen.storyboard; sourceTree = "<group>"; };
		C086337728606FDF00AF3F96 /* Info.plist */ = {isa = PBXFileReference; lastKnownFileType = text.plist.xml; path = Info.plist; sourceTree = "<group>"; };
		C086337D286071D400AF3F96 /* GoogleService-Info.plist */ = {isa = PBXFileReference; fileEncoding = 4; lastKnownFileType = text.plist.xml; path = "GoogleService-Info.plist"; sourceTree = "<group>"; };
		C086338628607D6500AF3F96 /* SmarTravelDebug.entitlements */ = {isa = PBXFileReference; lastKnownFileType = text.plist.entitlements; path = SmarTravelDebug.entitlements; sourceTree = "<group>"; };
		C091EDEB28671B0F00D848F8 /* TripListTableViewCell.swift */ = {isa = PBXFileReference; lastKnownFileType = sourcecode.swift; path = TripListTableViewCell.swift; sourceTree = "<group>"; };
		C091EDEC28671B0F00D848F8 /* TripListTableViewCell.xib */ = {isa = PBXFileReference; lastKnownFileType = file.xib; path = TripListTableViewCell.xib; sourceTree = "<group>"; };
		C091EDF028671E9800D848F8 /* CountryViewController.swift */ = {isa = PBXFileReference; lastKnownFileType = sourcecode.swift; path = CountryViewController.swift; sourceTree = "<group>"; };
		C091EDF328672FBA00D848F8 /* ProfileViewController.swift */ = {isa = PBXFileReference; lastKnownFileType = sourcecode.swift; path = ProfileViewController.swift; sourceTree = "<group>"; };
/* End PBXFileReference section */

/* Begin PBXFrameworksBuildPhase section */
		C086336328606FDE00AF3F96 /* Frameworks */ = {
			isa = PBXFrameworksBuildPhase;
			buildActionMask = 2147483647;
			files = (
				C0814A33286363D00085AB3F /* Kingfisher in Frameworks */,
				C08633812860726300AF3F96 /* FirebaseAnalytics in Frameworks */,
				C08633832860726300AF3F96 /* FirebaseAuth in Frameworks */,
				C08633852860726300AF3F96 /* FirebaseFirestore in Frameworks */,
			);
			runOnlyForDeploymentPostprocessing = 0;
		};
/* End PBXFrameworksBuildPhase section */

/* Begin PBXGroup section */
		C04CF30C2865D390000F4A68 /* TripDetail */ = {
			isa = PBXGroup;
			children = (
				C04CF30D2865D3D5000F4A68 /* TripDetailViewController.swift */,
			);
			path = TripDetail;
			sourceTree = "<group>";
		};
		C04CF30F2865D65F000F4A68 /* Login */ = {
			isa = PBXGroup;
			children = (
				C086336D28606FDE00AF3F96 /* LoginViewController.swift */,
			);
			path = Login;
			sourceTree = "<group>";
		};
		C04CF3122865DB1A000F4A68 /* Settings */ = {
			isa = PBXGroup;
			children = (
				C056C1BB2862021000265E88 /* SettingsViewController.swift */,
			);
			path = Settings;
			sourceTree = "<group>";
		};
		C04CF3132865E26F000F4A68 /* PopularCollectionViewCell */ = {
			isa = PBXGroup;
			children = (
				C04CF3142865E3CA000F4A68 /* PopularCollectionViewCell.swift */,
				C04CF3152865E3CA000F4A68 /* PopularCollectionViewCell.xib */,
			);
			path = PopularCollectionViewCell;
			sourceTree = "<group>";
		};
		C04CF31A2865F0AD000F4A68 /* SoldOutCollectionViewCell */ = {
			isa = PBXGroup;
			children = (
				C04CF31D2865F10F000F4A68 /* SoldOutCollectionViewCell.swift */,
				C04CF31E2865F10F000F4A68 /* SoldOutCollectionViewCell.xib */,
			);
			path = SoldOutCollectionViewCell;
			sourceTree = "<group>";
		};
		C0814A19286308BA0085AB3F /* Models */ = {
			isa = PBXGroup;
			children = (
				C0814A21286310140085AB3F /* OnBoardingSlide.swift */,
				C0814A2F286361EB0085AB3F /* Country.swift */,
				C04CF3182865E614000F4A68 /* Trip.swift */,
			);
			path = Models;
			sourceTree = "<group>";
		};
		C0814A1A286308DD0085AB3F /* Views */ = {
			isa = PBXGroup;
			children = (
				C091EDF228672F9B00D848F8 /* ProfileViewController */,
				C091EDEF28671E5C00D848F8 /* CountryViewController */,
				C04CF3122865DB1A000F4A68 /* Settings */,
				C04CF30F2865D65F000F4A68 /* Login */,
				C04CF30C2865D390000F4A68 /* TripDetail */,
				C0814A25286351920085AB3F /* Home */,
				C0814A1B286309080085AB3F /* Onboarding */,
			);
			path = Views;
			sourceTree = "<group>";
		};
		C0814A1B286309080085AB3F /* Onboarding */ = {
			isa = PBXGroup;
			children = (
				C0814A1C2863093F0085AB3F /* OnboardingViewController.swift */,
				C0814A23286313150085AB3F /* OnboardingCollectionViewCell.swift */,
			);
			path = Onboarding;
			sourceTree = "<group>";
		};
		C0814A1E28630E9C0085AB3F /* Extensions */ = {
			isa = PBXGroup;
			children = (
				C0814A1F28630ED60085AB3F /* UIView Extensions.swift */,
				C0814A34286364C50085AB3F /* String Extensions.swift */,
				C04CF3102865D890000F4A68 /* UIViewController Extension.swift */,
			);
			path = Extensions;
			sourceTree = "<group>";
		};
		C0814A25286351920085AB3F /* Home */ = {
			isa = PBXGroup;
			children = (
				C061245A2861F0AF0096DC88 /* HomeViewController.swift */,
			);
			path = Home;
			sourceTree = "<group>";
		};
		C0814A2628635ED70085AB3F /* CustomViews */ = {
			isa = PBXGroup;
			children = (
				C091EDE928671A9B00D848F8 /* TableViewCells */,
				C0814A36286370A30085AB3F /* CardView */,
				C0814A2728635EF70085AB3F /* CollectionViewCells */,
			);
			path = CustomViews;
			sourceTree = "<group>";
		};
		C0814A2728635EF70085AB3F /* CollectionViewCells */ = {
			isa = PBXGroup;
			children = (
				C04CF31A2865F0AD000F4A68 /* SoldOutCollectionViewCell */,
				C04CF3132865E26F000F4A68 /* PopularCollectionViewCell */,
				C0814A2828635F420085AB3F /* CountriesCollectionViewCell */,
			);
			path = CollectionViewCells;
			sourceTree = "<group>";
		};
		C0814A2828635F420085AB3F /* CountriesCollectionViewCell */ = {
			isa = PBXGroup;
			children = (
				C0814A2B28635FE80085AB3F /* CountriesCollectionViewCell.swift */,
				C0814A2C28635FE80085AB3F /* CountriesCollectionViewCell.xib */,
			);
			path = CountriesCollectionViewCell;
			sourceTree = "<group>";
		};
		C0814A36286370A30085AB3F /* CardView */ = {
			isa = PBXGroup;
			children = (
				C0814A37286370C50085AB3F /* CardView.swift */,
			);
			path = CardView;
			sourceTree = "<group>";
		};
		C08611E72869A908006CC7B7 /* Networking */ = {
			isa = PBXGroup;
			children = (
				C08611E82869AF11006CC7B7 /* NetworkService.swift */,
				C08611EA2869B187006CC7B7 /* Route.swift */,
				C08611EC2869B1AF006CC7B7 /* Method.swift */,
				C08611EE2869BA12006CC7B7 /* AppError.swift */,
				C08611F02869C164006CC7B7 /* ApiResponse.swift */,
			);
			path = Networking;
			sourceTree = "<group>";
		};
		C086335D28606FDE00AF3F96 = {
			isa = PBXGroup;
			children = (
				C0D9540A286DDE7600749641 /* Readme pictures */,
				C086336828606FDE00AF3F96 /* SmarTravel */,
				C086336728606FDE00AF3F96 /* Products */,
			);
			sourceTree = "<group>";
		};
		C086336728606FDE00AF3F96 /* Products */ = {
			isa = PBXGroup;
			children = (
				C086336628606FDE00AF3F96 /* SmarTravel.app */,
			);
			name = Products;
			sourceTree = "<group>";
		};
		C086336828606FDE00AF3F96 /* SmarTravel */ = {
			isa = PBXGroup;
			children = (
				C08611E72869A908006CC7B7 /* Networking */,
				C0814A2628635ED70085AB3F /* CustomViews */,
				C0814A1E28630E9C0085AB3F /* Extensions */,
				C0814A1A286308DD0085AB3F /* Views */,
				C0814A19286308BA0085AB3F /* Models */,
				C086338628607D6500AF3F96 /* SmarTravelDebug.entitlements */,
				C086336928606FDE00AF3F96 /* AppDelegate.swift */,
				C086336B28606FDE00AF3F96 /* SceneDelegate.swift */,
				C086337428606FDF00AF3F96 /* LaunchScreen.storyboard */,
				C086336F28606FDE00AF3F96 /* Main.storyboard */,
				C086337228606FDF00AF3F96 /* Assets.xcassets */,
				C086337728606FDF00AF3F96 /* Info.plist */,
				C086337D286071D400AF3F96 /* GoogleService-Info.plist */,
			);
			path = SmarTravel;
			sourceTree = "<group>";
		};
		C091EDE928671A9B00D848F8 /* TableViewCells */ = {
			isa = PBXGroup;
			children = (
				C091EDEA28671AC200D848F8 /* TripListTableViewCell */,
			);
			path = TableViewCells;
			sourceTree = "<group>";
		};
		C091EDEA28671AC200D848F8 /* TripListTableViewCell */ = {
			isa = PBXGroup;
			children = (
				C091EDEB28671B0F00D848F8 /* TripListTableViewCell.swift */,
				C091EDEC28671B0F00D848F8 /* TripListTableViewCell.xib */,
			);
			path = TripListTableViewCell;
			sourceTree = "<group>";
		};
		C091EDEF28671E5C00D848F8 /* CountryViewController */ = {
			isa = PBXGroup;
			children = (
				C091EDF028671E9800D848F8 /* CountryViewController.swift */,
			);
			path = CountryViewController;
			sourceTree = "<group>";
		};
		C091EDF228672F9B00D848F8 /* ProfileViewController */ = {
			isa = PBXGroup;
			children = (
				C091EDF328672FBA00D848F8 /* ProfileViewController.swift */,
			);
			path = ProfileViewController;
			sourceTree = "<group>";
		};
		C0D9540A286DDE7600749641 /* Readme pictures */ = {
			isa = PBXGroup;
			children = (
			);
			path = "Readme pictures";
			sourceTree = "<group>";
		};
/* End PBXGroup section */

/* Begin PBXNativeTarget section */
		C086336528606FDE00AF3F96 /* SmarTravel */ = {
			isa = PBXNativeTarget;
			buildConfigurationList = C086337A28606FDF00AF3F96 /* Build configuration list for PBXNativeTarget "SmarTravel" */;
			buildPhases = (
				C086336228606FDE00AF3F96 /* Sources */,
				C086336328606FDE00AF3F96 /* Frameworks */,
				C086336428606FDE00AF3F96 /* Resources */,
			);
			buildRules = (
			);
			dependencies = (
			);
			name = SmarTravel;
			packageProductDependencies = (
				C08633802860726300AF3F96 /* FirebaseAnalytics */,
				C08633822860726300AF3F96 /* FirebaseAuth */,
				C08633842860726300AF3F96 /* FirebaseFirestore */,
				C0814A32286363D00085AB3F /* Kingfisher */,
			);
			productName = SmarTravel;
			productReference = C086336628606FDE00AF3F96 /* SmarTravel.app */;
			productType = "com.apple.product-type.application";
		};
/* End PBXNativeTarget section */

/* Begin PBXProject section */
		C086335E28606FDE00AF3F96 /* Project object */ = {
			isa = PBXProject;
			attributes = {
				BuildIndependentTargetsInParallel = 1;
				LastSwiftUpdateCheck = 1340;
				LastUpgradeCheck = 1340;
				TargetAttributes = {
					C086336528606FDE00AF3F96 = {
						CreatedOnToolsVersion = 13.4.1;
					};
				};
			};
			buildConfigurationList = C086336128606FDE00AF3F96 /* Build configuration list for PBXProject "SmarTravel" */;
			compatibilityVersion = "Xcode 13.0";
			developmentRegion = en;
			hasScannedForEncodings = 0;
			knownRegions = (
				en,
				Base,
			);
			mainGroup = C086335D28606FDE00AF3F96;
			packageReferences = (
				C086337F2860726300AF3F96 /* XCRemoteSwiftPackageReference "firebase-ios-sdk" */,
				C0814A31286363D00085AB3F /* XCRemoteSwiftPackageReference "Kingfisher" */,
			);
			productRefGroup = C086336728606FDE00AF3F96 /* Products */;
			projectDirPath = "";
			projectRoot = "";
			targets = (
				C086336528606FDE00AF3F96 /* SmarTravel */,
			);
		};
/* End PBXProject section */

/* Begin PBXResourcesBuildPhase section */
		C086336428606FDE00AF3F96 /* Resources */ = {
			isa = PBXResourcesBuildPhase;
			buildActionMask = 2147483647;
			files = (
				C091EDEE28671B0F00D848F8 /* TripListTableViewCell.xib in Resources */,
				C04CF3202865F10F000F4A68 /* SoldOutCollectionViewCell.xib in Resources */,
				C086337628606FDF00AF3F96 /* LaunchScreen.storyboard in Resources */,
				C0814A2E28635FE80085AB3F /* CountriesCollectionViewCell.xib in Resources */,
				C086337E286071D400AF3F96 /* GoogleService-Info.plist in Resources */,
				C086337328606FDF00AF3F96 /* Assets.xcassets in Resources */,
				C04CF3172865E3CA000F4A68 /* PopularCollectionViewCell.xib in Resources */,
				C086337128606FDE00AF3F96 /* Main.storyboard in Resources */,
			);
			runOnlyForDeploymentPostprocessing = 0;
		};
/* End PBXResourcesBuildPhase section */

/* Begin PBXSourcesBuildPhase section */
		C086336228606FDE00AF3F96 /* Sources */ = {
			isa = PBXSourcesBuildPhase;
			buildActionMask = 2147483647;
			files = (
				C08611E92869AF11006CC7B7 /* NetworkService.swift in Sources */,
				C086336E28606FDE00AF3F96 /* LoginViewController.swift in Sources */,
				C0814A1D2863093F0085AB3F /* OnboardingViewController.swift in Sources */,
				C04CF3112865D890000F4A68 /* UIViewController Extension.swift in Sources */,
				C086336A28606FDE00AF3F96 /* AppDelegate.swift in Sources */,
				C08611F12869C164006CC7B7 /* ApiResponse.swift in Sources */,
				C04CF3162865E3CA000F4A68 /* PopularCollectionViewCell.swift in Sources */,
				C086336C28606FDE00AF3F96 /* SceneDelegate.swift in Sources */,
				C091EDED28671B0F00D848F8 /* TripListTableViewCell.swift in Sources */,
				C08611ED2869B1AF006CC7B7 /* Method.swift in Sources */,
				C0814A22286310140085AB3F /* OnBoardingSlide.swift in Sources */,
				C08611EB2869B187006CC7B7 /* Route.swift in Sources */,
				C0814A35286364C50085AB3F /* String Extensions.swift in Sources */,
				C056C1BC2862021000265E88 /* SettingsViewController.swift in Sources */,
				C04CF31F2865F10F000F4A68 /* SoldOutCollectionViewCell.swift in Sources */,
				C0814A38286370C50085AB3F /* CardView.swift in Sources */,
				C04CF30E2865D3D5000F4A68 /* TripDetailViewController.swift in Sources */,
				C091EDF128671E9800D848F8 /* CountryViewController.swift in Sources */,
				C08611EF2869BA12006CC7B7 /* AppError.swift in Sources */,
				C061245B2861F0AF0096DC88 /* HomeViewController.swift in Sources */,
				C0814A30286361EB0085AB3F /* Country.swift in Sources */,
				C0814A2D28635FE80085AB3F /* CountriesCollectionViewCell.swift in Sources */,
				C0814A2028630ED60085AB3F /* UIView Extensions.swift in Sources */,
				C091EDF428672FBA00D848F8 /* ProfileViewController.swift in Sources */,
				C04CF3192865E614000F4A68 /* Trip.swift in Sources */,
				C0814A24286313150085AB3F /* OnboardingCollectionViewCell.swift in Sources */,
			);
			runOnlyForDeploymentPostprocessing = 0;
		};
/* End PBXSourcesBuildPhase section */

/* Begin PBXVariantGroup section */
		C086336F28606FDE00AF3F96 /* Main.storyboard */ = {
			isa = PBXVariantGroup;
			children = (
				C086337028606FDE00AF3F96 /* Base */,
			);
			name = Main.storyboard;
			sourceTree = "<group>";
		};
		C086337428606FDF00AF3F96 /* LaunchScreen.storyboard */ = {
			isa = PBXVariantGroup;
			children = (
				C086337528606FDF00AF3F96 /* Base */,
			);
			name = LaunchScreen.storyboard;
			sourceTree = "<group>";
		};
/* End PBXVariantGroup section */

/* Begin XCBuildConfiguration section */
		C086337828606FDF00AF3F96 /* Debug */ = {
			isa = XCBuildConfiguration;
			buildSettings = {
				ALWAYS_SEARCH_USER_PATHS = NO;
				CLANG_ANALYZER_NONNULL = YES;
				CLANG_ANALYZER_NUMBER_OBJECT_CONVERSION = YES_AGGRESSIVE;
				CLANG_CXX_LANGUAGE_STANDARD = "gnu++17";
				CLANG_ENABLE_MODULES = YES;
				CLANG_ENABLE_OBJC_ARC = YES;
				CLANG_ENABLE_OBJC_WEAK = YES;
				CLANG_WARN_BLOCK_CAPTURE_AUTORELEASING = YES;
				CLANG_WARN_BOOL_CONVERSION = YES;
				CLANG_WARN_COMMA = YES;
				CLANG_WARN_CONSTANT_CONVERSION = YES;
				CLANG_WARN_DEPRECATED_OBJC_IMPLEMENTATIONS = YES;
				CLANG_WARN_DIRECT_OBJC_ISA_USAGE = YES_ERROR;
				CLANG_WARN_DOCUMENTATION_COMMENTS = YES;
				CLANG_WARN_EMPTY_BODY = YES;
				CLANG_WARN_ENUM_CONVERSION = YES;
				CLANG_WARN_INFINITE_RECURSION = YES;
				CLANG_WARN_INT_CONVERSION = YES;
				CLANG_WARN_NON_LITERAL_NULL_CONVERSION = YES;
				CLANG_WARN_OBJC_IMPLICIT_RETAIN_SELF = YES;
				CLANG_WARN_OBJC_LITERAL_CONVERSION = YES;
				CLANG_WARN_OBJC_ROOT_CLASS = YES_ERROR;
				CLANG_WARN_QUOTED_INCLUDE_IN_FRAMEWORK_HEADER = YES;
				CLANG_WARN_RANGE_LOOP_ANALYSIS = YES;
				CLANG_WARN_STRICT_PROTOTYPES = YES;
				CLANG_WARN_SUSPICIOUS_MOVE = YES;
				CLANG_WARN_UNGUARDED_AVAILABILITY = YES_AGGRESSIVE;
				CLANG_WARN_UNREACHABLE_CODE = YES;
				CLANG_WARN__DUPLICATE_METHOD_MATCH = YES;
				COPY_PHASE_STRIP = NO;
				DEBUG_INFORMATION_FORMAT = dwarf;
				ENABLE_STRICT_OBJC_MSGSEND = YES;
				ENABLE_TESTABILITY = YES;
				GCC_C_LANGUAGE_STANDARD = gnu11;
				GCC_DYNAMIC_NO_PIC = NO;
				GCC_NO_COMMON_BLOCKS = YES;
				GCC_OPTIMIZATION_LEVEL = 0;
				GCC_PREPROCESSOR_DEFINITIONS = (
					"DEBUG=1",
					"$(inherited)",
				);
				GCC_WARN_64_TO_32_BIT_CONVERSION = YES;
				GCC_WARN_ABOUT_RETURN_TYPE = YES_ERROR;
				GCC_WARN_UNDECLARED_SELECTOR = YES;
				GCC_WARN_UNINITIALIZED_AUTOS = YES_AGGRESSIVE;
				GCC_WARN_UNUSED_FUNCTION = YES;
				GCC_WARN_UNUSED_VARIABLE = YES;
				IPHONEOS_DEPLOYMENT_TARGET = 15.5;
				MTL_ENABLE_DEBUG_INFO = INCLUDE_SOURCE;
				MTL_FAST_MATH = YES;
				ONLY_ACTIVE_ARCH = YES;
				SDKROOT = iphoneos;
				SWIFT_ACTIVE_COMPILATION_CONDITIONS = DEBUG;
				SWIFT_OPTIMIZATION_LEVEL = "-Onone";
			};
			name = Debug;
		};
		C086337928606FDF00AF3F96 /* Release */ = {
			isa = XCBuildConfiguration;
			buildSettings = {
				ALWAYS_SEARCH_USER_PATHS = NO;
				CLANG_ANALYZER_NONNULL = YES;
				CLANG_ANALYZER_NUMBER_OBJECT_CONVERSION = YES_AGGRESSIVE;
				CLANG_CXX_LANGUAGE_STANDARD = "gnu++17";
				CLANG_ENABLE_MODULES = YES;
				CLANG_ENABLE_OBJC_ARC = YES;
				CLANG_ENABLE_OBJC_WEAK = YES;
				CLANG_WARN_BLOCK_CAPTURE_AUTORELEASING = YES;
				CLANG_WARN_BOOL_CONVERSION = YES;
				CLANG_WARN_COMMA = YES;
				CLANG_WARN_CONSTANT_CONVERSION = YES;
				CLANG_WARN_DEPRECATED_OBJC_IMPLEMENTATIONS = YES;
				CLANG_WARN_DIRECT_OBJC_ISA_USAGE = YES_ERROR;
				CLANG_WARN_DOCUMENTATION_COMMENTS = YES;
				CLANG_WARN_EMPTY_BODY = YES;
				CLANG_WARN_ENUM_CONVERSION = YES;
				CLANG_WARN_INFINITE_RECURSION = YES;
				CLANG_WARN_INT_CONVERSION = YES;
				CLANG_WARN_NON_LITERAL_NULL_CONVERSION = YES;
				CLANG_WARN_OBJC_IMPLICIT_RETAIN_SELF = YES;
				CLANG_WARN_OBJC_LITERAL_CONVERSION = YES;
				CLANG_WARN_OBJC_ROOT_CLASS = YES_ERROR;
				CLANG_WARN_QUOTED_INCLUDE_IN_FRAMEWORK_HEADER = YES;
				CLANG_WARN_RANGE_LOOP_ANALYSIS = YES;
				CLANG_WARN_STRICT_PROTOTYPES = YES;
				CLANG_WARN_SUSPICIOUS_MOVE = YES;
				CLANG_WARN_UNGUARDED_AVAILABILITY = YES_AGGRESSIVE;
				CLANG_WARN_UNREACHABLE_CODE = YES;
				CLANG_WARN__DUPLICATE_METHOD_MATCH = YES;
				COPY_PHASE_STRIP = NO;
				DEBUG_INFORMATION_FORMAT = "dwarf-with-dsym";
				ENABLE_NS_ASSERTIONS = NO;
				ENABLE_STRICT_OBJC_MSGSEND = YES;
				GCC_C_LANGUAGE_STANDARD = gnu11;
				GCC_NO_COMMON_BLOCKS = YES;
				GCC_WARN_64_TO_32_BIT_CONVERSION = YES;
				GCC_WARN_ABOUT_RETURN_TYPE = YES_ERROR;
				GCC_WARN_UNDECLARED_SELECTOR = YES;
				GCC_WARN_UNINITIALIZED_AUTOS = YES_AGGRESSIVE;
				GCC_WARN_UNUSED_FUNCTION = YES;
				GCC_WARN_UNUSED_VARIABLE = YES;
				IPHONEOS_DEPLOYMENT_TARGET = 15.5;
				MTL_ENABLE_DEBUG_INFO = NO;
				MTL_FAST_MATH = YES;
				SDKROOT = iphoneos;
				SWIFT_COMPILATION_MODE = wholemodule;
				SWIFT_OPTIMIZATION_LEVEL = "-O";
				VALIDATE_PRODUCT = YES;
			};
			name = Release;
		};
		C086337B28606FDF00AF3F96 /* Debug */ = {
			isa = XCBuildConfiguration;
			buildSettings = {
				ASSETCATALOG_COMPILER_APPICON_NAME = AppIcon;
				ASSETCATALOG_COMPILER_GLOBAL_ACCENT_COLOR_NAME = AccentColor;
				CODE_SIGN_ENTITLEMENTS = SmarTravel/SmarTravelDebug.entitlements;
				CODE_SIGN_STYLE = Automatic;
				CURRENT_PROJECT_VERSION = 1;
				DEVELOPMENT_TEAM = "";
				GENERATE_INFOPLIST_FILE = YES;
				INFOPLIST_FILE = SmarTravel/Info.plist;
				INFOPLIST_KEY_CFBundleDisplayName = SmarTravel;
				INFOPLIST_KEY_UIApplicationSupportsIndirectInputEvents = YES;
				INFOPLIST_KEY_UILaunchStoryboardName = LaunchScreen;
				INFOPLIST_KEY_UIMainStoryboardFile = Main;
				INFOPLIST_KEY_UISupportedInterfaceOrientations_iPad = "UIInterfaceOrientationPortrait UIInterfaceOrientationPortraitUpsideDown UIInterfaceOrientationLandscapeLeft UIInterfaceOrientationLandscapeRight";
				INFOPLIST_KEY_UISupportedInterfaceOrientations_iPhone = "UIInterfaceOrientationPortrait UIInterfaceOrientationLandscapeLeft UIInterfaceOrientationLandscapeRight";
				LD_RUNPATH_SEARCH_PATHS = (
					"$(inherited)",
					"@executable_path/Frameworks",
				);
				MARKETING_VERSION = 1.0;
				PRODUCT_BUNDLE_IDENTIFIER = com.roman.michailov.SmarTravel;
				PRODUCT_NAME = "$(TARGET_NAME)";
				SWIFT_EMIT_LOC_STRINGS = YES;
				SWIFT_VERSION = 5.0;
				TARGETED_DEVICE_FAMILY = 1;
			};
			name = Debug;
		};
		C086337C28606FDF00AF3F96 /* Release */ = {
			isa = XCBuildConfiguration;
			buildSettings = {
				ASSETCATALOG_COMPILER_APPICON_NAME = AppIcon;
				ASSETCATALOG_COMPILER_GLOBAL_ACCENT_COLOR_NAME = AccentColor;
				CODE_SIGN_STYLE = Automatic;
				CURRENT_PROJECT_VERSION = 1;
				DEVELOPMENT_TEAM = 94RTS95RU6;
				GENERATE_INFOPLIST_FILE = YES;
				INFOPLIST_FILE = SmarTravel/Info.plist;
				INFOPLIST_KEY_CFBundleDisplayName = SmarTravel;
				INFOPLIST_KEY_UIApplicationSupportsIndirectInputEvents = YES;
				INFOPLIST_KEY_UILaunchStoryboardName = LaunchScreen;
				INFOPLIST_KEY_UIMainStoryboardFile = Main;
				INFOPLIST_KEY_UISupportedInterfaceOrientations_iPad = "UIInterfaceOrientationPortrait UIInterfaceOrientationPortraitUpsideDown UIInterfaceOrientationLandscapeLeft UIInterfaceOrientationLandscapeRight";
				INFOPLIST_KEY_UISupportedInterfaceOrientations_iPhone = "UIInterfaceOrientationPortrait UIInterfaceOrientationLandscapeLeft UIInterfaceOrientationLandscapeRight";
				LD_RUNPATH_SEARCH_PATHS = (
					"$(inherited)",
					"@executable_path/Frameworks",
				);
				MARKETING_VERSION = 1.0;
				PRODUCT_BUNDLE_IDENTIFIER = com.roman.michailov.SmarTravel;
				PRODUCT_NAME = "$(TARGET_NAME)";
				SWIFT_EMIT_LOC_STRINGS = YES;
				SWIFT_VERSION = 5.0;
				TARGETED_DEVICE_FAMILY = 1;
			};
			name = Release;
		};
/* End XCBuildConfiguration section */

/* Begin XCConfigurationList section */
		C086336128606FDE00AF3F96 /* Build configuration list for PBXProject "SmarTravel" */ = {
			isa = XCConfigurationList;
			buildConfigurations = (
				C086337828606FDF00AF3F96 /* Debug */,
				C086337928606FDF00AF3F96 /* Release */,
			);
			defaultConfigurationIsVisible = 0;
			defaultConfigurationName = Release;
		};
		C086337A28606FDF00AF3F96 /* Build configuration list for PBXNativeTarget "SmarTravel" */ = {
			isa = XCConfigurationList;
			buildConfigurations = (
				C086337B28606FDF00AF3F96 /* Debug */,
				C086337C28606FDF00AF3F96 /* Release */,
			);
			defaultConfigurationIsVisible = 0;
			defaultConfigurationName = Release;
		};
/* End XCConfigurationList section */

/* Begin XCRemoteSwiftPackageReference section */
		C0814A31286363D00085AB3F /* XCRemoteSwiftPackageReference "Kingfisher" */ = {
			isa = XCRemoteSwiftPackageReference;
			repositoryURL = "https://github.com/onevcat/Kingfisher.git";
			requirement = {
				kind = upToNextMajorVersion;
				minimumVersion = 7.0.0;
			};
		};
		C086337F2860726300AF3F96 /* XCRemoteSwiftPackageReference "firebase-ios-sdk" */ = {
			isa = XCRemoteSwiftPackageReference;
			repositoryURL = "https://github.com/firebase/firebase-ios-sdk";
			requirement = {
				branch = master;
				kind = branch;
			};
		};
/* End XCRemoteSwiftPackageReference section */

/* Begin XCSwiftPackageProductDependency section */
		C0814A32286363D00085AB3F /* Kingfisher */ = {
			isa = XCSwiftPackageProductDependency;
			package = C0814A31286363D00085AB3F /* XCRemoteSwiftPackageReference "Kingfisher" */;
			productName = Kingfisher;
		};
		C08633802860726300AF3F96 /* FirebaseAnalytics */ = {
			isa = XCSwiftPackageProductDependency;
			package = C086337F2860726300AF3F96 /* XCRemoteSwiftPackageReference "firebase-ios-sdk" */;
			productName = FirebaseAnalytics;
		};
		C08633822860726300AF3F96 /* FirebaseAuth */ = {
			isa = XCSwiftPackageProductDependency;
			package = C086337F2860726300AF3F96 /* XCRemoteSwiftPackageReference "firebase-ios-sdk" */;
			productName = FirebaseAuth;
		};
		C08633842860726300AF3F96 /* FirebaseFirestore */ = {
			isa = XCSwiftPackageProductDependency;
			package = C086337F2860726300AF3F96 /* XCRemoteSwiftPackageReference "firebase-ios-sdk" */;
			productName = FirebaseFirestore;
		};
/* End XCSwiftPackageProductDependency section */
	};
	rootObject = C086335E28606FDE00AF3F96 /* Project object */;
}
